Microsoft Visual Studio Solution File, Format Version 12.00
# Visual Studio Version 17
VisualStudioVersion = 17.5.2.0
MinimumVisualStudioVersion = 10.0.40219.1
Project("{FAE04EC0-301F-11D3-BF4B-00C04F79EFBC}") = "CRUDUserMgmt", "CRUDUserMgmt.csproj", "{839CB3D9-BB7D-E49B-E834-22577BFF659F}"
EndProject
Global
	GlobalSection(SolutionConfigurationPlatforms) = preSolution
		Debug|Any CPU = Debug|Any CPU
		Release|Any CPU = Release|Any CPU
	EndGlobalSection
	GlobalSection(ProjectConfigurationPlatforms) = postSolution
		{839CB3D9-BB7D-E49B-E834-22577BFF659F}.Debug|Any CPU.ActiveCfg = Debug|Any CPU
		{839CB3D9-BB7D-E49B-E834-22577BFF659F}.Debug|Any CPU.Build.0 = Debug|Any CPU
		{839CB3D9-BB7D-E49B-E834-22577BFF659F}.Release|Any CPU.ActiveCfg = Release|Any CPU
		{839CB3D9-BB7D-E49B-E834-22577BFF659F}.Release|Any CPU.Build.0 = Release|Any CPU
	EndGlobalSection
	GlobalSection(SolutionProperties) = preSolution
		HideSolutionNode = FALSE
	EndGlobalSection
	GlobalSection(ExtensibilityGlobals) = postSolution
		SolutionGuid = {E21CC088-3D86-4238-9B04-06C3C7AA4E34}
	EndGlobalSection
EndGlobal
